{
  "name": "TestApplication_client_application",
  "version": "0.0.1",
  "lockfileVersion": 1,
  "dependencies": {
    "@types/react": {
      "version": "0.14.57",
      "resolved": "https://registry.npmjs.org/@types/react/-/react-0.14.57.tgz",
      "integrity": "sha1-GHioZU+v3R04G4RXKStkM0mMW2I="
    },
    "git": {
      "version": "0.1.5",
      "resolved": "https://registry.npmjs.org/git/-/git-0.1.5.tgz",
      "integrity": "sha1-nvYt+T+FHCdUIUO/UtHGixAXyhU="
    },
    "mime": {
      "version": "1.2.9",
      "resolved": "https://registry.npmjs.org/mime/-/mime-1.2.9.tgz",
      "integrity": "sha1-AJzUCGe9Nd5SGzuWbwTi+NTRPQk="
    }
  }
}
